
Microsoft Visual Studio Solution File, Format Version 12.00
# Visual Studio 2012
Project("{FAE04EC0-301F-11D3-BF4B-00C04F79EFBC}") = "Snake", "Snake\Snake.csproj", "{13A7783A-00AF-4171-BF7D-86AB17DA271D}"
EndProject
Global
	GlobalSection(SolutionConfigurationPlatforms) = preSolution
		Debug|Any CPU = Debug|Any CPU
		Release|Any CPU = Release|Any CPU
	EndGlobalSection
	GlobalSection(ProjectConfigurationPlatforms) = postSolution
		{13A7783A-00AF-4171-BF7D-86AB17DA271D}.Debug|Any CPU.ActiveCfg = Debug|Any CPU
		{13A7783A-00AF-4171-BF7D-86AB17DA271D}.Debug|Any CPU.Build.0 = Debug|Any CPU
		{13A7783A-00AF-4171-BF7D-86AB17DA271D}.Release|Any CPU.ActiveCfg = Release|Any CPU
		{13A7783A-00AF-4171-BF7D-86AB17DA271D}.Release|Any CPU.Build.0 = Release|Any CPU
	EndGlobalSection
	GlobalSection(SolutionProperties) = preSolution
		HideSolutionNode = FALSE
	EndGlobalSection
EndGlobal
